// !$*UTF8*$!
{
	archiveVersion = 1;
	classes = {
	};
	objectVersion = 55;
	objects = {

/* Begin PBXBuildFile section */
		9E3763E427F1ED04008247FE /* AppDelegate.swift in Sources */ = {isa = PBXBuildFile; fileRef = 9E3763E327F1ED04008247FE /* AppDelegate.swift */; };
		9E3763E627F1ED04008247FE /* SceneDelegate.swift in Sources */ = {isa = PBXBuildFile; fileRef = 9E3763E527F1ED04008247FE /* SceneDelegate.swift */; };
		9E3763E827F1ED04008247FE /* MarvelGramViewController.swift in Sources */ = {isa = PBXBuildFile; fileRef = 9E3763E727F1ED04008247FE /* MarvelGramViewController.swift */; };
		9E3763ED27F1ED08008247FE /* Assets.xcassets in Resources */ = {isa = PBXBuildFile; fileRef = 9E3763EC27F1ED08008247FE /* Assets.xcassets */; };
		9E3763F027F1ED08008247FE /* LaunchScreen.storyboard in Resources */ = {isa = PBXBuildFile; fileRef = 9E3763EE27F1ED08008247FE /* LaunchScreen.storyboard */; };
		9E3763FF27F1EEA5008247FE /* ModuleBuilder.swift in Sources */ = {isa = PBXBuildFile; fileRef = 9E3763FE27F1EEA5008247FE /* ModuleBuilder.swift */; };
		9E37640227F1EF3E008247FE /* MarvelGramModuleBuilder.swift in Sources */ = {isa = PBXBuildFile; fileRef = 9E37640127F1EF3E008247FE /* MarvelGramModuleBuilder.swift */; };
		9ED04E6427F2FE6D00B05F2C /* MarvelGramView.swift in Sources */ = {isa = PBXBuildFile; fileRef = 9ED04E6327F2FE6C00B05F2C /* MarvelGramView.swift */; };
		9ED04E6727F3004300B05F2C /* MarvelCharactersCollectionView.swift in Sources */ = {isa = PBXBuildFile; fileRef = 9ED04E6627F3004300B05F2C /* MarvelCharactersCollectionView.swift */; };
		9ED04E6927F3005400B05F2C /* MarvelCharactersCollectionViewCell.swift in Sources */ = {isa = PBXBuildFile; fileRef = 9ED04E6827F3005400B05F2C /* MarvelCharactersCollectionViewCell.swift */; };
		9ED04E6B27F308E300B05F2C /* MarvelGramPresenter.swift in Sources */ = {isa = PBXBuildFile; fileRef = 9ED04E6A27F308E300B05F2C /* MarvelGramPresenter.swift */; };
/* End PBXBuildFile section */

/* Begin PBXFileReference section */
		9E3763E027F1ED04008247FE /* MarvelGram.app */ = {isa = PBXFileReference; explicitFileType = wrapper.application; includeInIndex = 0; path = MarvelGram.app; sourceTree = BUILT_PRODUCTS_DIR; };
		9E3763E327F1ED04008247FE /* AppDelegate.swift */ = {isa = PBXFileReference; lastKnownFileType = sourcecode.swift; path = AppDelegate.swift; sourceTree = "<group>"; };
		9E3763E527F1ED04008247FE /* SceneDelegate.swift */ = {isa = PBXFileReference; lastKnownFileType = sourcecode.swift; path = SceneDelegate.swift; sourceTree = "<group>"; };
		9E3763E727F1ED04008247FE /* MarvelGramViewController.swift */ = {isa = PBXFileReference; lastKnownFileType = sourcecode.swift; path = MarvelGramViewController.swift; sourceTree = "<group>"; };
		9E3763EC27F1ED08008247FE /* Assets.xcassets */ = {isa = PBXFileReference; lastKnownFileType = folder.assetcatalog; path = Assets.xcassets; sourceTree = "<group>"; };
		9E3763EF27F1ED08008247FE /* Base */ = {isa = PBXFileReference; lastKnownFileType = file.storyboard; name = Base; path = Base.lproj/LaunchScreen.storyboard; sourceTree = "<group>"; };
		9E3763F127F1ED08008247FE /* Info.plist */ = {isa = PBXFileReference; lastKnownFileType = text.plist.xml; path = Info.plist; sourceTree = "<group>"; };
		9E3763FE27F1EEA5008247FE /* ModuleBuilder.swift */ = {isa = PBXFileReference; lastKnownFileType = sourcecode.swift; path = ModuleBuilder.swift; sourceTree = "<group>"; };
		9E37640127F1EF3E008247FE /* MarvelGramModuleBuilder.swift */ = {isa = PBXFileReference; lastKnownFileType = sourcecode.swift; path = MarvelGramModuleBuilder.swift; sourceTree = "<group>"; };
		9ED04E6327F2FE6C00B05F2C /* MarvelGramView.swift */ = {isa = PBXFileReference; lastKnownFileType = sourcecode.swift; path = MarvelGramView.swift; sourceTree = "<group>"; };
		9ED04E6627F3004300B05F2C /* MarvelCharactersCollectionView.swift */ = {isa = PBXFileReference; lastKnownFileType = sourcecode.swift; path = MarvelCharactersCollectionView.swift; sourceTree = "<group>"; };
		9ED04E6827F3005400B05F2C /* MarvelCharactersCollectionViewCell.swift */ = {isa = PBXFileReference; lastKnownFileType = sourcecode.swift; path = MarvelCharactersCollectionViewCell.swift; sourceTree = "<group>"; };
		9ED04E6A27F308E300B05F2C /* MarvelGramPresenter.swift */ = {isa = PBXFileReference; lastKnownFileType = sourcecode.swift; path = MarvelGramPresenter.swift; sourceTree = "<group>"; };
/* End PBXFileReference section */

/* Begin PBXFrameworksBuildPhase section */
		9E3763DD27F1ED04008247FE /* Frameworks */ = {
			isa = PBXFrameworksBuildPhase;
			buildActionMask = 2147483647;
			files = (
			);
			runOnlyForDeploymentPostprocessing = 0;
		};
/* End PBXFrameworksBuildPhase section */

/* Begin PBXGroup section */
		9E3763D727F1ED03008247FE = {
			isa = PBXGroup;
			children = (
				9E3763E227F1ED04008247FE /* MarvelGram */,
				9E3763E127F1ED04008247FE /* Products */,
			);
			sourceTree = "<group>";
		};
		9E3763E127F1ED04008247FE /* Products */ = {
			isa = PBXGroup;
			children = (
				9E3763E027F1ED04008247FE /* MarvelGram.app */,
			);
			name = Products;
			sourceTree = "<group>";
		};
		9E3763E227F1ED04008247FE /* MarvelGram */ = {
			isa = PBXGroup;
			children = (
				9E3763F727F1EE05008247FE /* App */,
				9E3763FC27F1EE40008247FE /* Assembly */,
				9E3763F827F1EE1B008247FE /* Main module */,
				9E3763FD27F1EE60008247FE /* Resourses */,
				9E3763F127F1ED08008247FE /* Info.plist */,
			);
			path = MarvelGram;
			sourceTree = "<group>";
		};
		9E3763F727F1EE05008247FE /* App */ = {
			isa = PBXGroup;
			children = (
				9E3763E327F1ED04008247FE /* AppDelegate.swift */,
				9E3763E527F1ED04008247FE /* SceneDelegate.swift */,
			);
			path = App;
			sourceTree = "<group>";
		};
		9E3763F827F1EE1B008247FE /* Main module */ = {
			isa = PBXGroup;
			children = (
				9E37640027F1EF30008247FE /* Assembly */,
				9E3763FA27F1EE2D008247FE /* Presenter */,
				9E3763F927F1EE28008247FE /* View */,
				9E3763E727F1ED04008247FE /* MarvelGramViewController.swift */,
				9ED04E6327F2FE6C00B05F2C /* MarvelGramView.swift */,
				9ED04E6527F2FFF400B05F2C /* CollectionView */,
			);
			path = "Main module";
			sourceTree = "<group>";
		};
		9E3763F927F1EE28008247FE /* View */ = {
			isa = PBXGroup;
			children = (
			);
			path = View;
			sourceTree = "<group>";
		};
		9E3763FA27F1EE2D008247FE /* Presenter */ = {
			isa = PBXGroup;
			children = (
				9ED04E6A27F308E300B05F2C /* MarvelGramPresenter.swift */,
			);
			path = Presenter;
			sourceTree = "<group>";
		};
		9E3763FC27F1EE40008247FE /* Assembly */ = {
			isa = PBXGroup;
			children = (
				9E3763FE27F1EEA5008247FE /* ModuleBuilder.swift */,
			);
			path = Assembly;
			sourceTree = "<group>";
		};
		9E3763FD27F1EE60008247FE /* Resourses */ = {
			isa = PBXGroup;
			children = (
				9E3763EC27F1ED08008247FE /* Assets.xcassets */,
				9E3763EE27F1ED08008247FE /* LaunchScreen.storyboard */,
			);
			path = Resourses;
			sourceTree = "<group>";
		};
		9E37640027F1EF30008247FE /* Assembly */ = {
			isa = PBXGroup;
			children = (
				9E37640127F1EF3E008247FE /* MarvelGramModuleBuilder.swift */,
			);
			path = Assembly;
			sourceTree = "<group>";
		};
		9ED04E6527F2FFF400B05F2C /* CollectionView */ = {
			isa = PBXGroup;
			children = (
				9ED04E6627F3004300B05F2C /* MarvelCharactersCollectionView.swift */,
				9ED04E6827F3005400B05F2C /* MarvelCharactersCollectionViewCell.swift */,
			);
			path = CollectionView;
			sourceTree = "<group>";
		};
/* End PBXGroup section */

/* Begin PBXNativeTarget section */
		9E3763DF27F1ED04008247FE /* MarvelGram */ = {
			isa = PBXNativeTarget;
			buildConfigurationList = 9E3763F427F1ED08008247FE /* Build configuration list for PBXNativeTarget "MarvelGram" */;
			buildPhases = (
				9E3763DC27F1ED04008247FE /* Sources */,
				9E3763DD27F1ED04008247FE /* Frameworks */,
				9E3763DE27F1ED04008247FE /* Resources */,
			);
			buildRules = (
			);
			dependencies = (
			);
			name = MarvelGram;
			productName = MarvelGram;
			productReference = 9E3763E027F1ED04008247FE /* MarvelGram.app */;
			productType = "com.apple.product-type.application";
		};
/* End PBXNativeTarget section */

/* Begin PBXProject section */
		9E3763D827F1ED03008247FE /* Project object */ = {
			isa = PBXProject;
			attributes = {
				BuildIndependentTargetsInParallel = 1;
				LastSwiftUpdateCheck = 1310;
				LastUpgradeCheck = 1310;
				TargetAttributes = {
					9E3763DF27F1ED04008247FE = {
						CreatedOnToolsVersion = 13.1;
					};
				};
			};
			buildConfigurationList = 9E3763DB27F1ED03008247FE /* Build configuration list for PBXProject "MarvelGram" */;
			compatibilityVersion = "Xcode 13.0";
			developmentRegion = en;
			hasScannedForEncodings = 0;
			knownRegions = (
				en,
				Base,
			);
			mainGroup = 9E3763D727F1ED03008247FE;
			productRefGroup = 9E3763E127F1ED04008247FE /* Products */;
			projectDirPath = "";
			projectRoot = "";
			targets = (
				9E3763DF27F1ED04008247FE /* MarvelGram */,
			);
		};
/* End PBXProject section */

/* Begin PBXResourcesBuildPhase section */
		9E3763DE27F1ED04008247FE /* Resources */ = {
			isa = PBXResourcesBuildPhase;
			buildActionMask = 2147483647;
			files = (
				9E3763F027F1ED08008247FE /* LaunchScreen.storyboard in Resources */,
				9E3763ED27F1ED08008247FE /* Assets.xcassets in Resources */,
			);
			runOnlyForDeploymentPostprocessing = 0;
		};
/* End PBXResourcesBuildPhase section */

/* Begin PBXSourcesBuildPhase section */
		9E3763DC27F1ED04008247FE /* Sources */ = {
			isa = PBXSourcesBuildPhase;
			buildActionMask = 2147483647;
			files = (
				9ED04E6B27F308E300B05F2C /* MarvelGramPresenter.swift in Sources */,
				9E3763E827F1ED04008247FE /* MarvelGramViewController.swift in Sources */,
				9ED04E6427F2FE6D00B05F2C /* MarvelGramView.swift in Sources */,
				9E3763E427F1ED04008247FE /* AppDelegate.swift in Sources */,
				9E3763E627F1ED04008247FE /* SceneDelegate.swift in Sources */,
				9ED04E6927F3005400B05F2C /* MarvelCharactersCollectionViewCell.swift in Sources */,
				9E37640227F1EF3E008247FE /* MarvelGramModuleBuilder.swift in Sources */,
				9ED04E6727F3004300B05F2C /* MarvelCharactersCollectionView.swift in Sources */,
				9E3763FF27F1EEA5008247FE /* ModuleBuilder.swift in Sources */,
			);
			runOnlyForDeploymentPostprocessing = 0;
		};
/* End PBXSourcesBuildPhase section */

/* Begin PBXVariantGroup section */
		9E3763EE27F1ED08008247FE /* LaunchScreen.storyboard */ = {
			isa = PBXVariantGroup;
			children = (
				9E3763EF27F1ED08008247FE /* Base */,
			);
			name = LaunchScreen.storyboard;
			sourceTree = "<group>";
		};
/* End PBXVariantGroup section */

/* Begin XCBuildConfiguration section */
		9E3763F227F1ED08008247FE /* Debug */ = {
			isa = XCBuildConfiguration;
			buildSettings = {
				ALWAYS_SEARCH_USER_PATHS = NO;
				CLANG_ANALYZER_NONNULL = YES;
				CLANG_ANALYZER_NUMBER_OBJECT_CONVERSION = YES_AGGRESSIVE;
				CLANG_CXX_LANGUAGE_STANDARD = "gnu++17";
				CLANG_CXX_LIBRARY = "libc++";
				CLANG_ENABLE_MODULES = YES;
				CLANG_ENABLE_OBJC_ARC = YES;
				CLANG_ENABLE_OBJC_WEAK = YES;
				CLANG_WARN_BLOCK_CAPTURE_AUTORELEASING = YES;
				CLANG_WARN_BOOL_CONVERSION = YES;
				CLANG_WARN_COMMA = YES;
				CLANG_WARN_CONSTANT_CONVERSION = YES;
				CLANG_WARN_DEPRECATED_OBJC_IMPLEMENTATIONS = YES;
				CLANG_WARN_DIRECT_OBJC_ISA_USAGE = YES_ERROR;
				CLANG_WARN_DOCUMENTATION_COMMENTS = YES;
				CLANG_WARN_EMPTY_BODY = YES;
				CLANG_WARN_ENUM_CONVERSION = YES;
				CLANG_WARN_INFINITE_RECURSION = YES;
				CLANG_WARN_INT_CONVERSION = YES;
				CLANG_WARN_NON_LITERAL_NULL_CONVERSION = YES;
				CLANG_WARN_OBJC_IMPLICIT_RETAIN_SELF = YES;
				CLANG_WARN_OBJC_LITERAL_CONVERSION = YES;
				CLANG_WARN_OBJC_ROOT_CLASS = YES_ERROR;
				CLANG_WARN_QUOTED_INCLUDE_IN_FRAMEWORK_HEADER = YES;
				CLANG_WARN_RANGE_LOOP_ANALYSIS = YES;
				CLANG_WARN_STRICT_PROTOTYPES = YES;
				CLANG_WARN_SUSPICIOUS_MOVE = YES;
				CLANG_WARN_UNGUARDED_AVAILABILITY = YES_AGGRESSIVE;
				CLANG_WARN_UNREACHABLE_CODE = YES;
				CLANG_WARN__DUPLICATE_METHOD_MATCH = YES;
				COPY_PHASE_STRIP = NO;
				DEBUG_INFORMATION_FORMAT = dwarf;
				ENABLE_STRICT_OBJC_MSGSEND = YES;
				ENABLE_TESTABILITY = YES;
				GCC_C_LANGUAGE_STANDARD = gnu11;
				GCC_DYNAMIC_NO_PIC = NO;
				GCC_NO_COMMON_BLOCKS = YES;
				GCC_OPTIMIZATION_LEVEL = 0;
				GCC_PREPROCESSOR_DEFINITIONS = (
					"DEBUG=1",
					"$(inherited)",
				);
				GCC_WARN_64_TO_32_BIT_CONVERSION = YES;
				GCC_WARN_ABOUT_RETURN_TYPE = YES_ERROR;
				GCC_WARN_UNDECLARED_SELECTOR = YES;
				GCC_WARN_UNINITIALIZED_AUTOS = YES_AGGRESSIVE;
				GCC_WARN_UNUSED_FUNCTION = YES;
				GCC_WARN_UNUSED_VARIABLE = YES;
				IPHONEOS_DEPLOYMENT_TARGET = 15.0;
				MTL_ENABLE_DEBUG_INFO = INCLUDE_SOURCE;
				MTL_FAST_MATH = YES;
				ONLY_ACTIVE_ARCH = YES;
				SDKROOT = iphoneos;
				SWIFT_ACTIVE_COMPILATION_CONDITIONS = DEBUG;
				SWIFT_OPTIMIZATION_LEVEL = "-Onone";
			};
			name = Debug;
		};
		9E3763F327F1ED08008247FE /* Release */ = {
			isa = XCBuildConfiguration;
			buildSettings = {
				ALWAYS_SEARCH_USER_PATHS = NO;
				CLANG_ANALYZER_NONNULL = YES;
				CLANG_ANALYZER_NUMBER_OBJECT_CONVERSION = YES_AGGRESSIVE;
				CLANG_CXX_LANGUAGE_STANDARD = "gnu++17";
				CLANG_CXX_LIBRARY = "libc++";
				CLANG_ENABLE_MODULES = YES;
				CLANG_ENABLE_OBJC_ARC = YES;
				CLANG_ENABLE_OBJC_WEAK = YES;
				CLANG_WARN_BLOCK_CAPTURE_AUTORELEASING = YES;
				CLANG_WARN_BOOL_CONVERSION = YES;
				CLANG_WARN_COMMA = YES;
				CLANG_WARN_CONSTANT_CONVERSION = YES;
				CLANG_WARN_DEPRECATED_OBJC_IMPLEMENTATIONS = YES;
				CLANG_WARN_DIRECT_OBJC_ISA_USAGE = YES_ERROR;
				CLANG_WARN_DOCUMENTATION_COMMENTS = YES;
				CLANG_WARN_EMPTY_BODY = YES;
				CLANG_WARN_ENUM_CONVERSION = YES;
				CLANG_WARN_INFINITE_RECURSION = YES;
				CLANG_WARN_INT_CONVERSION = YES;
				CLANG_WARN_NON_LITERAL_NULL_CONVERSION = YES;
				CLANG_WARN_OBJC_IMPLICIT_RETAIN_SELF = YES;
				CLANG_WARN_OBJC_LITERAL_CONVERSION = YES;
				CLANG_WARN_OBJC_ROOT_CLASS = YES_ERROR;
				CLANG_WARN_QUOTED_INCLUDE_IN_FRAMEWORK_HEADER = YES;
				CLANG_WARN_RANGE_LOOP_ANALYSIS = YES;
				CLANG_WARN_STRICT_PROTOTYPES = YES;
				CLANG_WARN_SUSPICIOUS_MOVE = YES;
				CLANG_WARN_UNGUARDED_AVAILABILITY = YES_AGGRESSIVE;
				CLANG_WARN_UNREACHABLE_CODE = YES;
				CLANG_WARN__DUPLICATE_METHOD_MATCH = YES;
				COPY_PHASE_STRIP = NO;
				DEBUG_INFORMATION_FORMAT = "dwarf-with-dsym";
				ENABLE_NS_ASSERTIONS = NO;
				ENABLE_STRICT_OBJC_MSGSEND = YES;
				GCC_C_LANGUAGE_STANDARD = gnu11;
				GCC_NO_COMMON_BLOCKS = YES;
				GCC_WARN_64_TO_32_BIT_CONVERSION = YES;
				GCC_WARN_ABOUT_RETURN_TYPE = YES_ERROR;
				GCC_WARN_UNDECLARED_SELECTOR = YES;
				GCC_WARN_UNINITIALIZED_AUTOS = YES_AGGRESSIVE;
				GCC_WARN_UNUSED_FUNCTION = YES;
				GCC_WARN_UNUSED_VARIABLE = YES;
				IPHONEOS_DEPLOYMENT_TARGET = 15.0;
				MTL_ENABLE_DEBUG_INFO = NO;
				MTL_FAST_MATH = YES;
				SDKROOT = iphoneos;
				SWIFT_COMPILATION_MODE = wholemodule;
				SWIFT_OPTIMIZATION_LEVEL = "-O";
				VALIDATE_PRODUCT = YES;
			};
			name = Release;
		};
		9E3763F527F1ED08008247FE /* Debug */ = {
			isa = XCBuildConfiguration;
			buildSettings = {
				ASSETCATALOG_COMPILER_APPICON_NAME = AppIcon;
				ASSETCATALOG_COMPILER_GLOBAL_ACCENT_COLOR_NAME = AccentColor;
				CODE_SIGN_STYLE = Automatic;
				CURRENT_PROJECT_VERSION = 1;
				DEVELOPMENT_TEAM = 5RUACV32J4;
				GENERATE_INFOPLIST_FILE = YES;
				INFOPLIST_FILE = MarvelGram/Info.plist;
				INFOPLIST_KEY_UIApplicationSupportsIndirectInputEvents = YES;
				INFOPLIST_KEY_UILaunchStoryboardName = LaunchScreen;
				INFOPLIST_KEY_UISupportedInterfaceOrientations_iPad = "UIInterfaceOrientationPortrait UIInterfaceOrientationPortraitUpsideDown UIInterfaceOrientationLandscapeLeft UIInterfaceOrientationLandscapeRight";
				INFOPLIST_KEY_UISupportedInterfaceOrientations_iPhone = "UIInterfaceOrientationPortrait UIInterfaceOrientationLandscapeLeft UIInterfaceOrientationLandscapeRight";
				LD_RUNPATH_SEARCH_PATHS = (
					"$(inherited)",
					"@executable_path/Frameworks",
				);
				MARKETING_VERSION = 1.0;
				PRODUCT_BUNDLE_IDENTIFIER = com.BulatSagdiev.MarvelGram;
				PRODUCT_NAME = "$(TARGET_NAME)";
				SWIFT_EMIT_LOC_STRINGS = YES;
				SWIFT_VERSION = 5.0;
				TARGETED_DEVICE_FAMILY = 1;
			};
			name = Debug;
		};
		9E3763F627F1ED08008247FE /* Release */ = {
			isa = XCBuildConfiguration;
			buildSettings = {
				ASSETCATALOG_COMPILER_APPICON_NAME = AppIcon;
				ASSETCATALOG_COMPILER_GLOBAL_ACCENT_COLOR_NAME = AccentColor;
				CODE_SIGN_STYLE = Automatic;
				CURRENT_PROJECT_VERSION = 1;
				DEVELOPMENT_TEAM = 5RUACV32J4;
				GENERATE_INFOPLIST_FILE = YES;
				INFOPLIST_FILE = MarvelGram/Info.plist;
				INFOPLIST_KEY_UIApplicationSupportsIndirectInputEvents = YES;
				INFOPLIST_KEY_UILaunchStoryboardName = LaunchScreen;
				INFOPLIST_KEY_UISupportedInterfaceOrientations_iPad = "UIInterfaceOrientationPortrait UIInterfaceOrientationPortraitUpsideDown UIInterfaceOrientationLandscapeLeft UIInterfaceOrientationLandscapeRight";
				INFOPLIST_KEY_UISupportedInterfaceOrientations_iPhone = "UIInterfaceOrientationPortrait UIInterfaceOrientationLandscapeLeft UIInterfaceOrientationLandscapeRight";
				LD_RUNPATH_SEARCH_PATHS = (
					"$(inherited)",
					"@executable_path/Frameworks",
				);
				MARKETING_VERSION = 1.0;
				PRODUCT_BUNDLE_IDENTIFIER = com.BulatSagdiev.MarvelGram;
				PRODUCT_NAME = "$(TARGET_NAME)";
				SWIFT_EMIT_LOC_STRINGS = YES;
				SWIFT_VERSION = 5.0;
				TARGETED_DEVICE_FAMILY = 1;
			};
			name = Release;
		};
/* End XCBuildConfiguration section */

/* Begin XCConfigurationList section */
		9E3763DB27F1ED03008247FE /* Build configuration list for PBXProject "MarvelGram" */ = {
			isa = XCConfigurationList;
			buildConfigurations = (
				9E3763F227F1ED08008247FE /* Debug */,
				9E3763F327F1ED08008247FE /* Release */,
			);
			defaultConfigurationIsVisible = 0;
			defaultConfigurationName = Release;
		};
		9E3763F427F1ED08008247FE /* Build configuration list for PBXNativeTarget "MarvelGram" */ = {
			isa = XCConfigurationList;
			buildConfigurations = (
				9E3763F527F1ED08008247FE /* Debug */,
				9E3763F627F1ED08008247FE /* Release */,
			);
			defaultConfigurationIsVisible = 0;
			defaultConfigurationName = Release;
		};
/* End XCConfigurationList section */
	};
	rootObject = 9E3763D827F1ED03008247FE /* Project object */;
}
